// !$*UTF8*$!
{
	archiveVersion = 1;
	classes = {
	};
	objectVersion = 46;
	objects = {

/* Begin PBXBuildFile section */
		777AD1341FC440A900A5E752 /* AppDelegate.swift in Sources */ = {isa = PBXBuildFile; fileRef = 777AD1331FC440A900A5E752 /* AppDelegate.swift */; };
		777AD1361FC440A900A5E752 /* ViewController.swift in Sources */ = {isa = PBXBuildFile; fileRef = 777AD1351FC440A900A5E752 /* ViewController.swift */; };
		777AD1391FC440A900A5E752 /* Main.storyboard in Resources */ = {isa = PBXBuildFile; fileRef = 777AD1371FC440A900A5E752 /* Main.storyboard */; };
		777AD13B1FC440A900A5E752 /* Assets.xcassets in Resources */ = {isa = PBXBuildFile; fileRef = 777AD13A1FC440A900A5E752 /* Assets.xcassets */; };
		777AD13E1FC440A900A5E752 /* LaunchScreen.storyboard in Resources */ = {isa = PBXBuildFile; fileRef = 777AD13C1FC440A900A5E752 /* LaunchScreen.storyboard */; };
/* End PBXBuildFile section */

/* Begin PBXFileReference section */
		777AD1301FC440A900A5E752 /* How many fingers.app */ = {isa = PBXFileReference; explicitFileType = wrapper.application; includeInIndex = 0; path = "How many fingers.app"; sourceTree = BUILT_PRODUCTS_DIR; };
		777AD1331FC440A900A5E752 /* AppDelegate.swift */ = {isa = PBXFileReference; lastKnownFileType = sourcecode.swift; path = AppDelegate.swift; sourceTree = "<group>"; };
		777AD1351FC440A900A5E752 /* ViewController.swift */ = {isa = PBXFileReference; lastKnownFileType = sourcecode.swift; path = ViewController.swift; sourceTree = "<group>"; };
		777AD1381FC440A900A5E752 /* Base */ = {isa = PBXFileReference; lastKnownFileType = file.storyboard; name = Base; path = Base.lproj/Main.storyboard; sourceTree = "<group>"; };
		777AD13A1FC440A900A5E752 /* Assets.xcassets */ = {isa = PBXFileReference; lastKnownFileType = folder.assetcatalog; path = Assets.xcassets; sourceTree = "<group>"; };
		777AD13D1FC440A900A5E752 /* Base */ = {isa = PBXFileReference; lastKnownFileType = file.storyboard; name = Base; path = Base.lproj/LaunchScreen.storyboard; sourceTree = "<group>"; };
		777AD13F1FC440A900A5E752 /* Info.plist */ = {isa = PBXFileReference; lastKnownFileType = text.plist.xml; path = Info.plist; sourceTree = "<group>"; };
/* End PBXFileReference section */

/* Begin PBXFrameworksBuildPhase section */
		777AD12D1FC440A900A5E752 /* Frameworks */ = {
			isa = PBXFrameworksBuildPhase;
			buildActionMask = 2147483647;
			files = (
			);
			runOnlyForDeploymentPostprocessing = 0;
		};
/* End PBXFrameworksBuildPhase section */

/* Begin PBXGroup section */
		777AD1271FC440A900A5E752 = {
			isa = PBXGroup;
			children = (
				777AD1321FC440A900A5E752 /* How many fingers */,
				777AD1311FC440A900A5E752 /* Products */,
			);
			sourceTree = "<group>";
		};
		777AD1311FC440A900A5E752 /* Products */ = {
			isa = PBXGroup;
			children = (
				777AD1301FC440A900A5E752 /* How many fingers.app */,
			);
			name = Products;
			sourceTree = "<group>";
		};
		777AD1321FC440A900A5E752 /* How many fingers */ = {
			isa = PBXGroup;
			children = (
				777AD1331FC440A900A5E752 /* AppDelegate.swift */,
				777AD1351FC440A900A5E752 /* ViewController.swift */,
				777AD1371FC440A900A5E752 /* Main.storyboard */,
				777AD13A1FC440A900A5E752 /* Assets.xcassets */,
				777AD13C1FC440A900A5E752 /* LaunchScreen.storyboard */,
				777AD13F1FC440A900A5E752 /* Info.plist */,
			);
			path = "How many fingers";
			sourceTree = "<group>";
		};
/* End PBXGroup section */

/* Begin PBXNativeTarget section */
		777AD12F1FC440A900A5E752 /* How many fingers */ = {
			isa = PBXNativeTarget;
			buildConfigurationList = 777AD1421FC440A900A5E752 /* Build configuration list for PBXNativeTarget "How many fingers" */;
			buildPhases = (
				777AD12C1FC440A900A5E752 /* Sources */,
				777AD12D1FC440A900A5E752 /* Frameworks */,
				777AD12E1FC440A900A5E752 /* Resources */,
			);
			buildRules = (
			);
			dependencies = (
			);
			name = "How many fingers";
			productName = "How many fingers";
			productReference = 777AD1301FC440A900A5E752 /* How many fingers.app */;
			productType = "com.apple.product-type.application";
		};
/* End PBXNativeTarget section */

/* Begin PBXProject section */
		777AD1281FC440A900A5E752 /* Project object */ = {
			isa = PBXProject;
			attributes = {
				LastSwiftUpdateCheck = 0830;
				LastUpgradeCheck = 0830;
				ORGANIZATIONNAME = "sufa bitton";
				TargetAttributes = {
					777AD12F1FC440A900A5E752 = {
						CreatedOnToolsVersion = 8.3.3;
						DevelopmentTeam = 7UF2G255JC;
						ProvisioningStyle = Automatic;
					};
				};
			};
			buildConfigurationList = 777AD12B1FC440A900A5E752 /* Build configuration list for PBXProject "How many fingers" */;
			compatibilityVersion = "Xcode 3.2";
			developmentRegion = English;
			hasScannedForEncodings = 0;
			knownRegions = (
				en,
				Base,
			);
			mainGroup = 777AD1271FC440A900A5E752;
			productRefGroup = 777AD1311FC440A900A5E752 /* Products */;
			projectDirPath = "";
			projectRoot = "";
			targets = (
				777AD12F1FC440A900A5E752 /* How many fingers */,
			);
		};
/* End PBXProject section */

/* Begin PBXResourcesBuildPhase section */
		777AD12E1FC440A900A5E752 /* Resources */ = {
			isa = PBXResourcesBuildPhase;
			buildActionMask = 2147483647;
			files = (
				777AD13E1FC440A900A5E752 /* LaunchScreen.storyboard in Resources */,
				777AD13B1FC440A900A5E752 /* Assets.xcassets in Resources */,
				777AD1391FC440A900A5E752 /* Main.storyboard in Resources */,
			);
			runOnlyForDeploymentPostprocessing = 0;
		};
/* End PBXResourcesBuildPhase section */

/* Begin PBXSourcesBuildPhase section */
		777AD12C1FC440A900A5E752 /* Sources */ = {
			isa = PBXSourcesBuildPhase;
			buildActionMask = 2147483647;
			files = (
				777AD1361FC440A900A5E752 /* ViewController.swift in Sources */,
				777AD1341FC440A900A5E752 /* AppDelegate.swift in Sources */,
			);
			runOnlyForDeploymentPostprocessing = 0;
		};
/* End PBXSourcesBuildPhase section */

/* Begin PBXVariantGroup section */
		777AD1371FC440A900A5E752 /* Main.storyboard */ = {
			isa = PBXVariantGroup;
			children = (
				777AD1381FC440A900A5E752 /* Base */,
			);
			name = Main.storyboard;
			sourceTree = "<group>";
		};
		777AD13C1FC440A900A5E752 /* LaunchScreen.storyboard */ = {
			isa = PBXVariantGroup;
			children = (
				777AD13D1FC440A900A5E752 /* Base */,
			);
			name = LaunchScreen.storyboard;
			sourceTree = "<group>";
		};
/* End PBXVariantGroup section */

/* Begin XCBuildConfiguration section */
		777AD1401FC440A900A5E752 /* Debug */ = {
			isa = XCBuildConfiguration;
			buildSettings = {
				ALWAYS_SEARCH_USER_PATHS = NO;
				CLANG_ANALYZER_NONNULL = YES;
				CLANG_ANALYZER_NUMBER_OBJECT_CONVERSION = YES_AGGRESSIVE;
				CLANG_CXX_LANGUAGE_STANDARD = "gnu++0x";
				CLANG_CXX_LIBRARY = "libc++";
				CLANG_ENABLE_MODULES = YES;
				CLANG_ENABLE_OBJC_ARC = YES;
				CLANG_WARN_BOOL_CONVERSION = YES;
				CLANG_WARN_CONSTANT_CONVERSION = YES;
				CLANG_WARN_DIRECT_OBJC_ISA_USAGE = YES_ERROR;
				CLANG_WARN_DOCUMENTATION_COMMENTS = YES;
				CLANG_WARN_EMPTY_BODY = YES;
				CLANG_WARN_ENUM_CONVERSION = YES;
				CLANG_WARN_INFINITE_RECURSION = YES;
				CLANG_WARN_INT_CONVERSION = YES;
				CLANG_WARN_OBJC_ROOT_CLASS = YES_ERROR;
				CLANG_WARN_SUSPICIOUS_MOVE = YES;
				CLANG_WARN_UNREACHABLE_CODE = YES;
				CLANG_WARN__DUPLICATE_METHOD_MATCH = YES;
				"CODE_SIGN_IDENTITY[sdk=iphoneos*]" = "iPhone Developer";
				COPY_PHASE_STRIP = NO;
				DEBUG_INFORMATION_FORMAT = dwarf;
				ENABLE_STRICT_OBJC_MSGSEND = YES;
				ENABLE_TESTABILITY = YES;
				GCC_C_LANGUAGE_STANDARD = gnu99;
				GCC_DYNAMIC_NO_PIC = NO;
				GCC_NO_COMMON_BLOCKS = YES;
				GCC_OPTIMIZATION_LEVEL = 0;
				GCC_PREPROCESSOR_DEFINITIONS = (
					"DEBUG=1",
					"$(inherited)",
				);
				GCC_WARN_64_TO_32_BIT_CONVERSION = YES;
				GCC_WARN_ABOUT_RETURN_TYPE = YES_ERROR;
				GCC_WARN_UNDECLARED_SELECTOR = YES;
				GCC_WARN_UNINITIALIZED_AUTOS = YES_AGGRESSIVE;
				GCC_WARN_UNUSED_FUNCTION = YES;
				GCC_WARN_UNUSED_VARIABLE = YES;
				IPHONEOS_DEPLOYMENT_TARGET = 10.3;
				MTL_ENABLE_DEBUG_INFO = YES;
				ONLY_ACTIVE_ARCH = YES;
				SDKROOT = iphoneos;
				SWIFT_ACTIVE_COMPILATION_CONDITIONS = DEBUG;
				SWIFT_OPTIMIZATION_LEVEL = "-Onone";
			};
			name = Debug;
		};
		777AD1411FC440A900A5E752 /* Release */ = {
			isa = XCBuildConfiguration;
			buildSettings = {
				ALWAYS_SEARCH_USER_PATHS = NO;
				CLANG_ANALYZER_NONNULL = YES;
				CLANG_ANALYZER_NUMBER_OBJECT_CONVERSION = YES_AGGRESSIVE;
				CLANG_CXX_LANGUAGE_STANDARD = "gnu++0x";
				CLANG_CXX_LIBRARY = "libc++";
				CLANG_ENABLE_MODULES = YES;
				CLANG_ENABLE_OBJC_ARC = YES;
				CLANG_WARN_BOOL_CONVERSION = YES;
				CLANG_WARN_CONSTANT_CONVERSION = YES;
				CLANG_WARN_DIRECT_OBJC_ISA_USAGE = YES_ERROR;
				CLANG_WARN_DOCUMENTATION_COMMENTS = YES;
				CLANG_WARN_EMPTY_BODY = YES;
				CLANG_WARN_ENUM_CONVERSION = YES;
				CLANG_WARN_INFINITE_RECURSION = YES;
				CLANG_WARN_INT_CONVERSION = YES;
				CLANG_WARN_OBJC_ROOT_CLASS = YES_ERROR;
				CLANG_WARN_SUSPICIOUS_MOVE = YES;
				CLANG_WARN_UNREACHABLE_CODE = YES;
				CLANG_WARN__DUPLICATE_METHOD_MATCH = YES;
				"CODE_SIGN_IDENTITY[sdk=iphoneos*]" = "iPhone Developer";
				COPY_PHASE_STRIP = NO;
				DEBUG_INFORMATION_FORMAT = "dwarf-with-dsym";
				ENABLE_NS_ASSERTIONS = NO;
				ENABLE_STRICT_OBJC_MSGSEND = YES;
				GCC_C_LANGUAGE_STANDARD = gnu99;
				GCC_NO_COMMON_BLOCKS = YES;
				GCC_WARN_64_TO_32_BIT_CONVERSION = YES;
				GCC_WARN_ABOUT_RETURN_TYPE = YES_ERROR;
				GCC_WARN_UNDECLARED_SELECTOR = YES;
				GCC_WARN_UNINITIALIZED_AUTOS = YES_AGGRESSIVE;
				GCC_WARN_UNUSED_FUNCTION = YES;
				GCC_WARN_UNUSED_VARIABLE = YES;
				IPHONEOS_DEPLOYMENT_TARGET = 10.3;
				MTL_ENABLE_DEBUG_INFO = NO;
				SDKROOT = iphoneos;
				SWIFT_OPTIMIZATION_LEVEL = "-Owholemodule";
				VALIDATE_PRODUCT = YES;
			};
			name = Release;
		};
		777AD1431FC440A900A5E752 /* Debug */ = {
			isa = XCBuildConfiguration;
			buildSettings = {
				ASSETCATALOG_COMPILER_APPICON_NAME = AppIcon;
				DEVELOPMENT_TEAM = 7UF2G255JC;
				INFOPLIST_FILE = "How many fingers/Info.plist";
				LD_RUNPATH_SEARCH_PATHS = "$(inherited) @executable_path/Frameworks";
				PRODUCT_BUNDLE_IDENTIFIER = "com.sufab.How-many-fingers";
				PRODUCT_NAME = "$(TARGET_NAME)";
				SWIFT_VERSION = 3.0;
			};
			name = Debug;
		};
		777AD1441FC440A900A5E752 /* Release */ = {
			isa = XCBuildConfiguration;
			buildSettings = {
				ASSETCATALOG_COMPILER_APPICON_NAME = AppIcon;
				DEVELOPMENT_TEAM = 7UF2G255JC;
				INFOPLIST_FILE = "How many fingers/Info.plist";
				LD_RUNPATH_SEARCH_PATHS = "$(inherited) @executable_path/Frameworks";
				PRODUCT_BUNDLE_IDENTIFIER = "com.sufab.How-many-fingers";
				PRODUCT_NAME = "$(TARGET_NAME)";
				SWIFT_VERSION = 3.0;
			};
			name = Release;
		};
/* End XCBuildConfiguration section */

/* Begin XCConfigurationList section */
		777AD12B1FC440A900A5E752 /* Build configuration list for PBXProject "How many fingers" */ = {
			isa = XCConfigurationList;
			buildConfigurations = (
				777AD1401FC440A900A5E752 /* Debug */,
				777AD1411FC440A900A5E752 /* Release */,
			);
			defaultConfigurationIsVisible = 0;
			defaultConfigurationName = Release;
		};
		777AD1421FC440A900A5E752 /* Build configuration list for PBXNativeTarget "How many fingers" */ = {
			isa = XCConfigurationList;
			buildConfigurations = (
				777AD1431FC440A900A5E752 /* Debug */,
				777AD1441FC440A900A5E752 /* Release */,
			);
			defaultConfigurationIsVisible = 0;
		};
/* End XCConfigurationList section */
	};
	rootObject = 777AD1281FC440A900A5E752 /* Project object */;
}
